
Microsoft Visual Studio Solution File, Format Version 12.00
# Visual Studio Version 16
VisualStudioVersion = 16.0.34601.136
MinimumVisualStudioVersion = 10.0.40219.1
Project("{FAE04EC0-301F-11D3-BF4B-00C04F79EFBC}") = "Day6", "Day6\Day6.csproj", "{8948FF17-FFB1-4F29-9F67-D2F44660CAC0}"
EndProject
Global
	GlobalSection(SolutionConfigurationPlatforms) = preSolution
		Debug|Any CPU = Debug|Any CPU
		Release|Any CPU = Release|Any CPU
	EndGlobalSection
	GlobalSection(ProjectConfigurationPlatforms) = postSolution
		{8948FF17-FFB1-4F29-9F67-D2F44660CAC0}.Debug|Any CPU.ActiveCfg = Debug|Any CPU
		{8948FF17-FFB1-4F29-9F67-D2F44660CAC0}.Debug|Any CPU.Build.0 = Debug|Any CPU
		{8948FF17-FFB1-4F29-9F67-D2F44660CAC0}.Release|Any CPU.ActiveCfg = Release|Any CPU
		{8948FF17-FFB1-4F29-9F67-D2F44660CAC0}.Release|Any CPU.Build.0 = Release|Any CPU
	EndGlobalSection
	GlobalSection(SolutionProperties) = preSolution
		HideSolutionNode = FALSE
	EndGlobalSection
	GlobalSection(ExtensibilityGlobals) = postSolution
		SolutionGuid = {C89AE90D-A218-41B7-A540-9D7476F6083C}
	EndGlobalSection
EndGlobal
