
Microsoft Visual Studio Solution File, Format Version 12.00
# Visual Studio Version 16
VisualStudioVersion = 16.0.34601.136
MinimumVisualStudioVersion = 10.0.40219.1
Project("{FAE04EC0-301F-11D3-BF4B-00C04F79EFBC}") = "RRSystem", "RRSystem\RRSystem.csproj", "{7361922A-060B-4612-9E03-0A5E0ED1D82D}"
EndProject
Global
	GlobalSection(SolutionConfigurationPlatforms) = preSolution
		Debug|Any CPU = Debug|Any CPU
		Release|Any CPU = Release|Any CPU
	EndGlobalSection
	GlobalSection(ProjectConfigurationPlatforms) = postSolution
		{7361922A-060B-4612-9E03-0A5E0ED1D82D}.Debug|Any CPU.ActiveCfg = Debug|Any CPU
		{7361922A-060B-4612-9E03-0A5E0ED1D82D}.Debug|Any CPU.Build.0 = Debug|Any CPU
		{7361922A-060B-4612-9E03-0A5E0ED1D82D}.Release|Any CPU.ActiveCfg = Release|Any CPU
		{7361922A-060B-4612-9E03-0A5E0ED1D82D}.Release|Any CPU.Build.0 = Release|Any CPU
	EndGlobalSection
	GlobalSection(SolutionProperties) = preSolution
		HideSolutionNode = FALSE
	EndGlobalSection
	GlobalSection(ExtensibilityGlobals) = postSolution
		SolutionGuid = {13CE97BB-5D8C-44AA-BB6B-1B6891E577B2}
	EndGlobalSection
EndGlobal
